// !$*UTF8*$!
{
	archiveVersion = 1;
	classes = {
	};
	objectVersion = 46;
	objects = {

/* Begin PBXBuildFile section */
		9C11510019D1213000445686 /* AppDelegate.swift in Sources */ = {isa = PBXBuildFile; fileRef = 9C1150FF19D1213000445686 /* AppDelegate.swift */; };
		9C11510219D1213000445686 /* ViewController.swift in Sources */ = {isa = PBXBuildFile; fileRef = 9C11510119D1213000445686 /* ViewController.swift */; };
		9C11510519D1213100445686 /* Main.storyboard in Resources */ = {isa = PBXBuildFile; fileRef = 9C11510319D1213100445686 /* Main.storyboard */; };
		9C11510719D1213100445686 /* Images.xcassets in Resources */ = {isa = PBXBuildFile; fileRef = 9C11510619D1213100445686 /* Images.xcassets */; };
		9C11510A19D1213100445686 /* LaunchScreen.xib in Resources */ = {isa = PBXBuildFile; fileRef = 9C11510819D1213100445686 /* LaunchScreen.xib */; };
		9C11511619D1213100445686 /* PostcardTests.swift in Sources */ = {isa = PBXBuildFile; fileRef = 9C11511519D1213100445686 /* PostcardTests.swift */; };
		9C79C76E19D12DD000524787 /* x8LXd0I.gif in Resources */ = {isa = PBXBuildFile; fileRef = 9C79C76D19D12DD000524787 /* x8LXd0I.gif */; };
/* End PBXBuildFile section */

/* Begin PBXContainerItemProxy section */
		9C11511019D1213100445686 /* PBXContainerItemProxy */ = {
			isa = PBXContainerItemProxy;
			containerPortal = 9C1150F219D1213000445686 /* Project object */;
			proxyType = 1;
			remoteGlobalIDString = 9C1150F919D1213000445686;
			remoteInfo = Postcard;
		};
/* End PBXContainerItemProxy section */

/* Begin PBXFileReference section */
		9C1150FA19D1213000445686 /* Postcard.app */ = {isa = PBXFileReference; explicitFileType = wrapper.application; includeInIndex = 0; path = Postcard.app; sourceTree = BUILT_PRODUCTS_DIR; };
		9C1150FE19D1213000445686 /* Info.plist */ = {isa = PBXFileReference; lastKnownFileType = text.plist.xml; path = Info.plist; sourceTree = "<group>"; };
		9C1150FF19D1213000445686 /* AppDelegate.swift */ = {isa = PBXFileReference; lastKnownFileType = sourcecode.swift; path = AppDelegate.swift; sourceTree = "<group>"; };
		9C11510119D1213000445686 /* ViewController.swift */ = {isa = PBXFileReference; lastKnownFileType = sourcecode.swift; path = ViewController.swift; sourceTree = "<group>"; };
		9C11510419D1213100445686 /* Base */ = {isa = PBXFileReference; lastKnownFileType = file.storyboard; name = Base; path = Base.lproj/Main.storyboard; sourceTree = "<group>"; };
		9C11510619D1213100445686 /* Images.xcassets */ = {isa = PBXFileReference; lastKnownFileType = folder.assetcatalog; path = Images.xcassets; sourceTree = "<group>"; };
		9C11510919D1213100445686 /* Base */ = {isa = PBXFileReference; lastKnownFileType = file.xib; name = Base; path = Base.lproj/LaunchScreen.xib; sourceTree = "<group>"; };
		9C11510F19D1213100445686 /* PostcardTests.xctest */ = {isa = PBXFileReference; explicitFileType = wrapper.cfbundle; includeInIndex = 0; path = PostcardTests.xctest; sourceTree = BUILT_PRODUCTS_DIR; };
		9C11511419D1213100445686 /* Info.plist */ = {isa = PBXFileReference; lastKnownFileType = text.plist.xml; path = Info.plist; sourceTree = "<group>"; };
		9C11511519D1213100445686 /* PostcardTests.swift */ = {isa = PBXFileReference; lastKnownFileType = sourcecode.swift; path = PostcardTests.swift; sourceTree = "<group>"; };
		9C79C76D19D12DD000524787 /* x8LXd0I.gif */ = {isa = PBXFileReference; lastKnownFileType = image.gif; path = x8LXd0I.gif; sourceTree = "<group>"; };
/* End PBXFileReference section */

/* Begin PBXFrameworksBuildPhase section */
		9C1150F719D1213000445686 /* Frameworks */ = {
			isa = PBXFrameworksBuildPhase;
			buildActionMask = 2147483647;
			files = (
			);
			runOnlyForDeploymentPostprocessing = 0;
		};
		9C11510C19D1213100445686 /* Frameworks */ = {
			isa = PBXFrameworksBuildPhase;
			buildActionMask = 2147483647;
			files = (
			);
			runOnlyForDeploymentPostprocessing = 0;
		};
/* End PBXFrameworksBuildPhase section */

/* Begin PBXGroup section */
		9C1150F119D1213000445686 = {
			isa = PBXGroup;
			children = (
				9C1150FC19D1213000445686 /* Postcard */,
				9C11511219D1213100445686 /* PostcardTests */,
				9C1150FB19D1213000445686 /* Products */,
			);
			sourceTree = "<group>";
		};
		9C1150FB19D1213000445686 /* Products */ = {
			isa = PBXGroup;
			children = (
				9C1150FA19D1213000445686 /* Postcard.app */,
				9C11510F19D1213100445686 /* PostcardTests.xctest */,
			);
			name = Products;
			sourceTree = "<group>";
		};
		9C1150FC19D1213000445686 /* Postcard */ = {
			isa = PBXGroup;
			children = (
				9C1150FF19D1213000445686 /* AppDelegate.swift */,
				9C11510119D1213000445686 /* ViewController.swift */,
				9C11510319D1213100445686 /* Main.storyboard */,
				9C11510619D1213100445686 /* Images.xcassets */,
				9C11510819D1213100445686 /* LaunchScreen.xib */,
				9C1150FD19D1213000445686 /* Supporting Files */,
			);
			path = Postcard;
			sourceTree = "<group>";
		};
		9C1150FD19D1213000445686 /* Supporting Files */ = {
			isa = PBXGroup;
			children = (
				9C79C76D19D12DD000524787 /* x8LXd0I.gif */,
				9C1150FE19D1213000445686 /* Info.plist */,
			);
			name = "Supporting Files";
			sourceTree = "<group>";
		};
		9C11511219D1213100445686 /* PostcardTests */ = {
			isa = PBXGroup;
			children = (
				9C11511519D1213100445686 /* PostcardTests.swift */,
				9C11511319D1213100445686 /* Supporting Files */,
			);
			path = PostcardTests;
			sourceTree = "<group>";
		};
		9C11511319D1213100445686 /* Supporting Files */ = {
			isa = PBXGroup;
			children = (
				9C11511419D1213100445686 /* Info.plist */,
			);
			name = "Supporting Files";
			sourceTree = "<group>";
		};
/* End PBXGroup section */

/* Begin PBXNativeTarget section */
		9C1150F919D1213000445686 /* Postcard */ = {
			isa = PBXNativeTarget;
			buildConfigurationList = 9C11511919D1213100445686 /* Build configuration list for PBXNativeTarget "Postcard" */;
			buildPhases = (
				9C1150F619D1213000445686 /* Sources */,
				9C1150F719D1213000445686 /* Frameworks */,
				9C1150F819D1213000445686 /* Resources */,
			);
			buildRules = (
			);
			dependencies = (
			);
			name = Postcard;
			productName = Postcard;
			productReference = 9C1150FA19D1213000445686 /* Postcard.app */;
			productType = "com.apple.product-type.application";
		};
		9C11510E19D1213100445686 /* PostcardTests */ = {
			isa = PBXNativeTarget;
			buildConfigurationList = 9C11511C19D1213100445686 /* Build configuration list for PBXNativeTarget "PostcardTests" */;
			buildPhases = (
				9C11510B19D1213100445686 /* Sources */,
				9C11510C19D1213100445686 /* Frameworks */,
				9C11510D19D1213100445686 /* Resources */,
			);
			buildRules = (
			);
			dependencies = (
				9C11511119D1213100445686 /* PBXTargetDependency */,
			);
			name = PostcardTests;
			productName = PostcardTests;
			productReference = 9C11510F19D1213100445686 /* PostcardTests.xctest */;
			productType = "com.apple.product-type.bundle.unit-test";
		};
/* End PBXNativeTarget section */

/* Begin PBXProject section */
		9C1150F219D1213000445686 /* Project object */ = {
			isa = PBXProject;
			attributes = {
				LastUpgradeCheck = 0600;
				ORGANIZATIONNAME = "Sam Chase";
				TargetAttributes = {
					9C1150F919D1213000445686 = {
						CreatedOnToolsVersion = 6.0.1;
					};
					9C11510E19D1213100445686 = {
						CreatedOnToolsVersion = 6.0.1;
						TestTargetID = 9C1150F919D1213000445686;
					};
				};
			};
			buildConfigurationList = 9C1150F519D1213000445686 /* Build configuration list for PBXProject "Postcard" */;
			compatibilityVersion = "Xcode 3.2";
			developmentRegion = English;
			hasScannedForEncodings = 0;
			knownRegions = (
				en,
				Base,
			);
			mainGroup = 9C1150F119D1213000445686;
			productRefGroup = 9C1150FB19D1213000445686 /* Products */;
			projectDirPath = "";
			projectRoot = "";
			targets = (
				9C1150F919D1213000445686 /* Postcard */,
				9C11510E19D1213100445686 /* PostcardTests */,
			);
		};
/* End PBXProject section */

/* Begin PBXResourcesBuildPhase section */
		9C1150F819D1213000445686 /* Resources */ = {
			isa = PBXResourcesBuildPhase;
			buildActionMask = 2147483647;
			files = (
				9C79C76E19D12DD000524787 /* x8LXd0I.gif in Resources */,
				9C11510519D1213100445686 /* Main.storyboard in Resources */,
				9C11510A19D1213100445686 /* LaunchScreen.xib in Resources */,
				9C11510719D1213100445686 /* Images.xcassets in Resources */,
			);
			runOnlyForDeploymentPostprocessing = 0;
		};
		9C11510D19D1213100445686 /* Resources */ = {
			isa = PBXResourcesBuildPhase;
			buildActionMask = 2147483647;
			files = (
			);
			runOnlyForDeploymentPostprocessing = 0;
		};
/* End PBXResourcesBuildPhase section */

/* Begin PBXSourcesBuildPhase section */
		9C1150F619D1213000445686 /* Sources */ = {
			isa = PBXSourcesBuildPhase;
			buildActionMask = 2147483647;
			files = (
				9C11510219D1213000445686 /* ViewController.swift in Sources */,
				9C11510019D1213000445686 /* AppDelegate.swift in Sources */,
			);
			runOnlyForDeploymentPostprocessing = 0;
		};
		9C11510B19D1213100445686 /* Sources */ = {
			isa = PBXSourcesBuildPhase;
			buildActionMask = 2147483647;
			files = (
				9C11511619D1213100445686 /* PostcardTests.swift in Sources */,
			);
			runOnlyForDeploymentPostprocessing = 0;
		};
/* End PBXSourcesBuildPhase section */

/* Begin PBXTargetDependency section */
		9C11511119D1213100445686 /* PBXTargetDependency */ = {
			isa = PBXTargetDependency;
			target = 9C1150F919D1213000445686 /* Postcard */;
			targetProxy = 9C11511019D1213100445686 /* PBXContainerItemProxy */;
		};
/* End PBXTargetDependency section */

/* Begin PBXVariantGroup section */
		9C11510319D1213100445686 /* Main.storyboard */ = {
			isa = PBXVariantGroup;
			children = (
				9C11510419D1213100445686 /* Base */,
			);
			name = Main.storyboard;
			sourceTree = "<group>";
		};
		9C11510819D1213100445686 /* LaunchScreen.xib */ = {
			isa = PBXVariantGroup;
			children = (
				9C11510919D1213100445686 /* Base */,
			);
			name = LaunchScreen.xib;
			sourceTree = "<group>";
		};
/* End PBXVariantGroup section */

/* Begin XCBuildConfiguration section */
		9C11511719D1213100445686 /* Debug */ = {
			isa = XCBuildConfiguration;
			buildSettings = {
				ALWAYS_SEARCH_USER_PATHS = NO;
				CLANG_CXX_LANGUAGE_STANDARD = "gnu++0x";
				CLANG_CXX_LIBRARY = "libc++";
				CLANG_ENABLE_MODULES = YES;
				CLANG_ENABLE_OBJC_ARC = YES;
				CLANG_WARN_BOOL_CONVERSION = YES;
				CLANG_WARN_CONSTANT_CONVERSION = YES;
				CLANG_WARN_DIRECT_OBJC_ISA_USAGE = YES_ERROR;
				CLANG_WARN_EMPTY_BODY = YES;
				CLANG_WARN_ENUM_CONVERSION = YES;
				CLANG_WARN_INT_CONVERSION = YES;
				CLANG_WARN_OBJC_ROOT_CLASS = YES_ERROR;
				CLANG_WARN_UNREACHABLE_CODE = YES;
				CLANG_WARN__DUPLICATE_METHOD_MATCH = YES;
				"CODE_SIGN_IDENTITY[sdk=iphoneos*]" = "iPhone Developer";
				COPY_PHASE_STRIP = NO;
				ENABLE_STRICT_OBJC_MSGSEND = YES;
				GCC_C_LANGUAGE_STANDARD = gnu99;
				GCC_DYNAMIC_NO_PIC = NO;
				GCC_OPTIMIZATION_LEVEL = 0;
				GCC_PREPROCESSOR_DEFINITIONS = (
					"DEBUG=1",
					"$(inherited)",
				);
				GCC_SYMBOLS_PRIVATE_EXTERN = NO;
				GCC_WARN_64_TO_32_BIT_CONVERSION = YES;
				GCC_WARN_ABOUT_RETURN_TYPE = YES_ERROR;
				GCC_WARN_UNDECLARED_SELECTOR = YES;
				GCC_WARN_UNINITIALIZED_AUTOS = YES_AGGRESSIVE;
				GCC_WARN_UNUSED_FUNCTION = YES;
				GCC_WARN_UNUSED_VARIABLE = YES;
				IPHONEOS_DEPLOYMENT_TARGET = 8.0;
				MTL_ENABLE_DEBUG_INFO = YES;
				ONLY_ACTIVE_ARCH = YES;
				SDKROOT = iphoneos;
				SWIFT_OPTIMIZATION_LEVEL = "-Onone";
			};
			name = Debug;
		};
		9C11511819D1213100445686 /* Release */ = {
			isa = XCBuildConfiguration;
			buildSettings = {
				ALWAYS_SEARCH_USER_PATHS = NO;
				CLANG_CXX_LANGUAGE_STANDARD = "gnu++0x";
				CLANG_CXX_LIBRARY = "libc++";
				CLANG_ENABLE_MODULES = YES;
				CLANG_ENABLE_OBJC_ARC = YES;
				CLANG_WARN_BOOL_CONVERSION = YES;
				CLANG_WARN_CONSTANT_CONVERSION = YES;
				CLANG_WARN_DIRECT_OBJC_ISA_USAGE = YES_ERROR;
				CLANG_WARN_EMPTY_BODY = YES;
				CLANG_WARN_ENUM_CONVERSION = YES;
				CLANG_WARN_INT_CONVERSION = YES;
				CLANG_WARN_OBJC_ROOT_CLASS = YES_ERROR;
				CLANG_WARN_UNREACHABLE_CODE = YES;
				CLANG_WARN__DUPLICATE_METHOD_MATCH = YES;
				"CODE_SIGN_IDENTITY[sdk=iphoneos*]" = "iPhone Developer";
				COPY_PHASE_STRIP = YES;
				ENABLE_NS_ASSERTIONS = NO;
				ENABLE_STRICT_OBJC_MSGSEND = YES;
				GCC_C_LANGUAGE_STANDARD = gnu99;
				GCC_WARN_64_TO_32_BIT_CONVERSION = YES;
				GCC_WARN_ABOUT_RETURN_TYPE = YES_ERROR;
				GCC_WARN_UNDECLARED_SELECTOR = YES;
				GCC_WARN_UNINITIALIZED_AUTOS = YES_AGGRESSIVE;
				GCC_WARN_UNUSED_FUNCTION = YES;
				GCC_WARN_UNUSED_VARIABLE = YES;
				IPHONEOS_DEPLOYMENT_TARGET = 8.0;
				MTL_ENABLE_DEBUG_INFO = NO;
				SDKROOT = iphoneos;
				VALIDATE_PRODUCT = YES;
			};
			name = Release;
		};
		9C11511A19D1213100445686 /* Debug */ = {
			isa = XCBuildConfiguration;
			buildSettings = {
				ASSETCATALOG_COMPILER_APPICON_NAME = AppIcon;
				INFOPLIST_FILE = Postcard/Info.plist;
				LD_RUNPATH_SEARCH_PATHS = "$(inherited) @executable_path/Frameworks";
				PRODUCT_NAME = "$(TARGET_NAME)";
			};
			name = Debug;
		};
		9C11511B19D1213100445686 /* Release */ = {
			isa = XCBuildConfiguration;
			buildSettings = {
				ASSETCATALOG_COMPILER_APPICON_NAME = AppIcon;
				INFOPLIST_FILE = Postcard/Info.plist;
				LD_RUNPATH_SEARCH_PATHS = "$(inherited) @executable_path/Frameworks";
				PRODUCT_NAME = "$(TARGET_NAME)";
			};
			name = Release;
		};
		9C11511D19D1213100445686 /* Debug */ = {
			isa = XCBuildConfiguration;
			buildSettings = {
				BUNDLE_LOADER = "$(TEST_HOST)";
				FRAMEWORK_SEARCH_PATHS = (
					"$(SDKROOT)/Developer/Library/Frameworks",
					"$(inherited)",
				);
				GCC_PREPROCESSOR_DEFINITIONS = (
					"DEBUG=1",
					"$(inherited)",
				);
				INFOPLIST_FILE = PostcardTests/Info.plist;
				LD_RUNPATH_SEARCH_PATHS = "$(inherited) @executable_path/Frameworks @loader_path/Frameworks";
				PRODUCT_NAME = "$(TARGET_NAME)";
				TEST_HOST = "$(BUILT_PRODUCTS_DIR)/Postcard.app/Postcard";
			};
			name = Debug;
		};
		9C11511E19D1213100445686 /* Release */ = {
			isa = XCBuildConfiguration;
			buildSettings = {
				BUNDLE_LOADER = "$(TEST_HOST)";
				FRAMEWORK_SEARCH_PATHS = (
					"$(SDKROOT)/Developer/Library/Frameworks",
					"$(inherited)",
				);
				INFOPLIST_FILE = PostcardTests/Info.plist;
				LD_RUNPATH_SEARCH_PATHS = "$(inherited) @executable_path/Frameworks @loader_path/Frameworks";
				PRODUCT_NAME = "$(TARGET_NAME)";
				TEST_HOST = "$(BUILT_PRODUCTS_DIR)/Postcard.app/Postcard";
			};
			name = Release;
		};
/* End XCBuildConfiguration section */

/* Begin XCConfigurationList section */
		9C1150F519D1213000445686 /* Build configuration list for PBXProject "Postcard" */ = {
			isa = XCConfigurationList;
			buildConfigurations = (
				9C11511719D1213100445686 /* Debug */,
				9C11511819D1213100445686 /* Release */,
			);
			defaultConfigurationIsVisible = 0;
			defaultConfigurationName = Release;
		};
		9C11511919D1213100445686 /* Build configuration list for PBXNativeTarget "Postcard" */ = {
			isa = XCConfigurationList;
			buildConfigurations = (
				9C11511A19D1213100445686 /* Debug */,
				9C11511B19D1213100445686 /* Release */,
			);
			defaultConfigurationIsVisible = 0;
			defaultConfigurationName = Release;
		};
		9C11511C19D1213100445686 /* Build configuration list for PBXNativeTarget "PostcardTests" */ = {
			isa = XCConfigurationList;
			buildConfigurations = (
				9C11511D19D1213100445686 /* Debug */,
				9C11511E19D1213100445686 /* Release */,
			);
			defaultConfigurationIsVisible = 0;
			defaultConfigurationName = Release;
		};
/* End XCConfigurationList section */
	};
	rootObject = 9C1150F219D1213000445686 /* Project object */;
}
